// !$*UTF8*$!
{
	archiveVersion = 1;
	classes = {
	};
	objectVersion = 46;
	objects = {

/* Begin PBXBuildFile section */
		0C07CF8618190FE900F07113 /* NSString+StringUtils.m in Sources */ = {isa = PBXBuildFile; fileRef = 0C07CF8518190FE900F07113 /* NSString+StringUtils.m */; };
		0C16BC0E180D56E8000DA30A /* 9Cards-BG-iPhone-568h@2x.png in Resources */ = {isa = PBXBuildFile; fileRef = 0C16BC0C180D56E8000DA30A /* 9Cards-BG-iPhone-568h@2x.png */; };
		0C16BC0F180D56E8000DA30A /* 9Cards-BG-iPhone@2x.png in Resources */ = {isa = PBXBuildFile; fileRef = 0C16BC0D180D56E8000DA30A /* 9Cards-BG-iPhone@2x.png */; };
		0C3B48CB183626D3008F9DCD /* PlayerListSectionHeader.m in Sources */ = {isa = PBXBuildFile; fileRef = 0C3B48CA183626D3008F9DCD /* PlayerListSectionHeader.m */; };
		0C3B48CE183626F8008F9DCD /* PlayerListCardCell.m in Sources */ = {isa = PBXBuildFile; fileRef = 0C3B48CD183626F8008F9DCD /* PlayerListCardCell.m */; };
		0C3B490518362D6C008F9DCD /* card1-iPhone.png in Resources */ = {isa = PBXBuildFile; fileRef = 0C3B48F318362D6C008F9DCD /* card1-iPhone.png */; };
		0C3B490618362D6C008F9DCD /* card1-iPhone@2x.png in Resources */ = {isa = PBXBuildFile; fileRef = 0C3B48F418362D6C008F9DCD /* card1-iPhone@2x.png */; };
		0C3B490718362D6C008F9DCD /* card2-iPhone.png in Resources */ = {isa = PBXBuildFile; fileRef = 0C3B48F518362D6C008F9DCD /* card2-iPhone.png */; };
		0C3B490818362D6C008F9DCD /* card2-iPhone@2x.png in Resources */ = {isa = PBXBuildFile; fileRef = 0C3B48F618362D6C008F9DCD /* card2-iPhone@2x.png */; };
		0C3B490918362D6C008F9DCD /* card3-iPhone.png in Resources */ = {isa = PBXBuildFile; fileRef = 0C3B48F718362D6C008F9DCD /* card3-iPhone.png */; };
		0C3B490A18362D6C008F9DCD /* card3-iPhone@2x.png in Resources */ = {isa = PBXBuildFile; fileRef = 0C3B48F818362D6C008F9DCD /* card3-iPhone@2x.png */; };
		0C3B490B18362D6C008F9DCD /* card4-iPhone.png in Resources */ = {isa = PBXBuildFile; fileRef = 0C3B48F918362D6C008F9DCD /* card4-iPhone.png */; };
		0C3B490C18362D6C008F9DCD /* card4-iPhone@2x.png in Resources */ = {isa = PBXBuildFile; fileRef = 0C3B48FA18362D6C008F9DCD /* card4-iPhone@2x.png */; };
		0C3B490D18362D6C008F9DCD /* card5-iPhone.png in Resources */ = {isa = PBXBuildFile; fileRef = 0C3B48FB18362D6C008F9DCD /* card5-iPhone.png */; };
		0C3B490E18362D6C008F9DCD /* card5-iPhone@2x.png in Resources */ = {isa = PBXBuildFile; fileRef = 0C3B48FC18362D6C008F9DCD /* card5-iPhone@2x.png */; };
		0C3B490F18362D6C008F9DCD /* card6-iPhone.png in Resources */ = {isa = PBXBuildFile; fileRef = 0C3B48FD18362D6C008F9DCD /* card6-iPhone.png */; };
		0C3B491018362D6C008F9DCD /* card6-iPhone@2x.png in Resources */ = {isa = PBXBuildFile; fileRef = 0C3B48FE18362D6C008F9DCD /* card6-iPhone@2x.png */; };
		0C3B491118362D6C008F9DCD /* card7-iPhone.png in Resources */ = {isa = PBXBuildFile; fileRef = 0C3B48FF18362D6C008F9DCD /* card7-iPhone.png */; };
		0C3B491218362D6C008F9DCD /* card7-iPhone@2x.png in Resources */ = {isa = PBXBuildFile; fileRef = 0C3B490018362D6C008F9DCD /* card7-iPhone@2x.png */; };
		0C3B491318362D6C008F9DCD /* card8-iPhone.png in Resources */ = {isa = PBXBuildFile; fileRef = 0C3B490118362D6C008F9DCD /* card8-iPhone.png */; };
		0C3B491418362D6C008F9DCD /* card8-iPhone@2x.png in Resources */ = {isa = PBXBuildFile; fileRef = 0C3B490218362D6C008F9DCD /* card8-iPhone@2x.png */; };
		0C3B491518362D6C008F9DCD /* card9-iPhone.png in Resources */ = {isa = PBXBuildFile; fileRef = 0C3B490318362D6C008F9DCD /* card9-iPhone.png */; };
		0C3B491618362D6C008F9DCD /* card9-iPhone@2x.png in Resources */ = {isa = PBXBuildFile; fileRef = 0C3B490418362D6C008F9DCD /* card9-iPhone@2x.png */; };
		0C40AB5C1816631600CA06A5 /* CardButton.m in Sources */ = {isa = PBXBuildFile; fileRef = 0C40AB5B1816631600CA06A5 /* CardButton.m */; };
		0C5C870D1806988100C6B371 /* Foundation.framework in Frameworks */ = {isa = PBXBuildFile; fileRef = 0C5C870C1806988100C6B371 /* Foundation.framework */; };
		0C5C870F1806988100C6B371 /* CoreGraphics.framework in Frameworks */ = {isa = PBXBuildFile; fileRef = 0C5C870E1806988100C6B371 /* CoreGraphics.framework */; };
		0C5C87111806988100C6B371 /* UIKit.framework in Frameworks */ = {isa = PBXBuildFile; fileRef = 0C5C87101806988100C6B371 /* UIKit.framework */; };
		0C5C87171806988100C6B371 /* InfoPlist.strings in Resources */ = {isa = PBXBuildFile; fileRef = 0C5C87151806988100C6B371 /* InfoPlist.strings */; };
		0C5C87191806988100C6B371 /* main.m in Sources */ = {isa = PBXBuildFile; fileRef = 0C5C87181806988100C6B371 /* main.m */; };
		0C5C871D1806988100C6B371 /* AppDelegate.m in Sources */ = {isa = PBXBuildFile; fileRef = 0C5C871C1806988100C6B371 /* AppDelegate.m */; };
		0C5C87201806988100C6B371 /* Main_iPhone.storyboard in Resources */ = {isa = PBXBuildFile; fileRef = 0C5C871E1806988100C6B371 /* Main_iPhone.storyboard */; };
		0C5C87231806988100C6B371 /* Main_iPad.storyboard in Resources */ = {isa = PBXBuildFile; fileRef = 0C5C87211806988100C6B371 /* Main_iPad.storyboard */; };
		0C5C87261806988100C6B371 /* GameListTableViewController.m in Sources */ = {isa = PBXBuildFile; fileRef = 0C5C87251806988100C6B371 /* GameListTableViewController.m */; };
		0C5C87281806988100C6B371 /* Images.xcassets in Resources */ = {isa = PBXBuildFile; fileRef = 0C5C87271806988100C6B371 /* Images.xcassets */; };
		0C5C872F1806988100C6B371 /* XCTest.framework in Frameworks */ = {isa = PBXBuildFile; fileRef = 0C5C872E1806988100C6B371 /* XCTest.framework */; };
		0C5C87301806988100C6B371 /* Foundation.framework in Frameworks */ = {isa = PBXBuildFile; fileRef = 0C5C870C1806988100C6B371 /* Foundation.framework */; };
		0C5C87311806988100C6B371 /* UIKit.framework in Frameworks */ = {isa = PBXBuildFile; fileRef = 0C5C87101806988100C6B371 /* UIKit.framework */; };
		0C5C87391806988100C6B371 /* InfoPlist.strings in Resources */ = {isa = PBXBuildFile; fileRef = 0C5C87371806988100C6B371 /* InfoPlist.strings */; };
		0C5C873B1806988100C6B371 /* NineCardsTests.m in Sources */ = {isa = PBXBuildFile; fileRef = 0C5C873A1806988100C6B371 /* NineCardsTests.m */; };
		0C5C874D1806B7C300C6B371 /* GameViewController.m in Sources */ = {isa = PBXBuildFile; fileRef = 0C5C874C1806B7C300C6B371 /* GameViewController.m */; };
		0C5C874F1806C12100C6B371 /* QuartzCore.framework in Frameworks */ = {isa = PBXBuildFile; fileRef = 0C5C874E1806C12100C6B371 /* QuartzCore.framework */; };
		0C66D02318084DE900044B28 /* CreateGameViewController.m in Sources */ = {isa = PBXBuildFile; fileRef = 0C66D02218084DE900044B28 /* CreateGameViewController.m */; };
		0C7E38F8180D5CD5009F9158 /* StartViewController_iPhone.m in Sources */ = {isa = PBXBuildFile; fileRef = 0C7E38F7180D5CD5009F9158 /* StartViewController_iPhone.m */; };
		0C7E3918180EB87F009F9158 /* 9Cards-BGL-iPad.png in Resources */ = {isa = PBXBuildFile; fileRef = 0C7E3914180EB87F009F9158 /* 9Cards-BGL-iPad.png */; };
		0C7E3919180EB87F009F9158 /* 9Cards-BGL-iPad@2x.png in Resources */ = {isa = PBXBuildFile; fileRef = 0C7E3915180EB87F009F9158 /* 9Cards-BGL-iPad@2x.png */; };
		0C7E391A180EB87F009F9158 /* 9Cards-BGP-iPad.png in Resources */ = {isa = PBXBuildFile; fileRef = 0C7E3916180EB87F009F9158 /* 9Cards-BGP-iPad.png */; };
		0C7E391B180EB87F009F9158 /* 9Cards-BGP-iPad@2x.png in Resources */ = {isa = PBXBuildFile; fileRef = 0C7E3917180EB87F009F9158 /* 9Cards-BGP-iPad@2x.png */; };
		0C7E391F180FD04D009F9158 /* Game.m in Sources */ = {isa = PBXBuildFile; fileRef = 0C7E391E180FD04D009F9158 /* Game.m */; };
		0C7E393618102755009F9158 /* card1.png in Resources */ = {isa = PBXBuildFile; fileRef = 0C7E392418102755009F9158 /* card1.png */; };
		0C7E393718102755009F9158 /* card1@2x.png in Resources */ = {isa = PBXBuildFile; fileRef = 0C7E392518102755009F9158 /* card1@2x.png */; };
		0C7E393818102755009F9158 /* card2.png in Resources */ = {isa = PBXBuildFile; fileRef = 0C7E392618102755009F9158 /* card2.png */; };
		0C7E393918102755009F9158 /* card2@2x.png in Resources */ = {isa = PBXBuildFile; fileRef = 0C7E392718102755009F9158 /* card2@2x.png */; };
		0C7E393A18102755009F9158 /* card3.png in Resources */ = {isa = PBXBuildFile; fileRef = 0C7E392818102755009F9158 /* card3.png */; };
		0C7E393B18102755009F9158 /* card3@2x.png in Resources */ = {isa = PBXBuildFile; fileRef = 0C7E392918102755009F9158 /* card3@2x.png */; };
		0C7E393C18102755009F9158 /* card4.png in Resources */ = {isa = PBXBuildFile; fileRef = 0C7E392A18102755009F9158 /* card4.png */; };
		0C7E393D18102755009F9158 /* card4@2x.png in Resources */ = {isa = PBXBuildFile; fileRef = 0C7E392B18102755009F9158 /* card4@2x.png */; };
		0C7E393E18102755009F9158 /* card5.png in Resources */ = {isa = PBXBuildFile; fileRef = 0C7E392C18102755009F9158 /* card5.png */; };
		0C7E393F18102755009F9158 /* card5@2x.png in Resources */ = {isa = PBXBuildFile; fileRef = 0C7E392D18102755009F9158 /* card5@2x.png */; };
		0C7E394018102755009F9158 /* card6.png in Resources */ = {isa = PBXBuildFile; fileRef = 0C7E392E18102755009F9158 /* card6.png */; };
		0C7E394118102755009F9158 /* card6@2x.png in Resources */ = {isa = PBXBuildFile; fileRef = 0C7E392F18102755009F9158 /* card6@2x.png */; };
		0C7E394218102755009F9158 /* card7.png in Resources */ = {isa = PBXBuildFile; fileRef = 0C7E393018102755009F9158 /* card7.png */; };
		0C7E394318102755009F9158 /* card7@2x.png in Resources */ = {isa = PBXBuildFile; fileRef = 0C7E393118102755009F9158 /* card7@2x.png */; };
		0C7E394418102755009F9158 /* card8.png in Resources */ = {isa = PBXBuildFile; fileRef = 0C7E393218102755009F9158 /* card8.png */; };
		0C7E394518102755009F9158 /* card8@2x.png in Resources */ = {isa = PBXBuildFile; fileRef = 0C7E393318102755009F9158 /* card8@2x.png */; };
		0C7E394618102755009F9158 /* card9.png in Resources */ = {isa = PBXBuildFile; fileRef = 0C7E393418102755009F9158 /* card9.png */; };
		0C7E394718102755009F9158 /* card9@2x.png in Resources */ = {isa = PBXBuildFile; fileRef = 0C7E393518102755009F9158 /* card9@2x.png */; };
		0CF033CF18083CC000C1FE0F /* SettingsViewController.m in Sources */ = {isa = PBXBuildFile; fileRef = 0CF033CE18083CC000C1FE0F /* SettingsViewController.m */; };
		0CF033D218083D5200C1FE0F /* TextFieldCell.m in Sources */ = {isa = PBXBuildFile; fileRef = 0CF033D118083D5200C1FE0F /* TextFieldCell.m */; };
		0CFEBBB6180C8FAD00631DD2 /* StartViewController_iPad.m in Sources */ = {isa = PBXBuildFile; fileRef = 0CFEBBB5180C8FAD00631DD2 /* StartViewController_iPad.m */; };
		5B182362182D298400FAD9FE /* GetGameConfigurationResponse.m in Sources */ = {isa = PBXBuildFile; fileRef = 5B18235C182D298400FAD9FE /* GetGameConfigurationResponse.m */; };
		5B182363182D298400FAD9FE /* GetGameConfigurationRequest.m in Sources */ = {isa = PBXBuildFile; fileRef = 5B18235E182D298400FAD9FE /* GetGameConfigurationRequest.m */; };
		5B182364182D298400FAD9FE /* GameStartsMessage.m in Sources */ = {isa = PBXBuildFile; fileRef = 5B182360182D298400FAD9FE /* GameStartsMessage.m */; };
		5B1C401F180E94A60029030E /* Settings.plist in Resources */ = {isa = PBXBuildFile; fileRef = 5B1C401E180E94A60029030E /* Settings.plist */; };
		5B219C861811312000C64C54 /* Settings.plist.example in Resources */ = {isa = PBXBuildFile; fileRef = 5B219C851811312000C64C54 /* Settings.plist.example */; };
		5BDD0FC71832031E00437515 /* GamePointsView.xib in Resources */ = {isa = PBXBuildFile; fileRef = 5BDD0FC61832031E00437515 /* GamePointsView.xib */; };
		5BDD0FCA183207C100437515 /* Player.m in Sources */ = {isa = PBXBuildFile; fileRef = 5BDD0FC9183207C100437515 /* Player.m */; };
		5BF79944183E4411002A54AC /* GamePointsViewController.m in Sources */ = {isa = PBXBuildFile; fileRef = 5BDD0FC21831FF5700437515 /* GamePointsViewController.m */; };
		BF8CB25D253FE7F53718C5DC /* GameOverMessage.m in Sources */ = {isa = PBXBuildFile; fileRef = BF8CB0C818E406A8842E8111 /* GameOverMessage.m */; };
		BF8CB332BFD951164EBA5B99 /* CardPlayedMessage.m in Sources */ = {isa = PBXBuildFile; fileRef = BF8CB13C0F0DA5D226EDCEBE /* CardPlayedMessage.m */; };
		BF8CB7FB7A452FC8022AA89E /* RoundCompleteMessage.m in Sources */ = {isa = PBXBuildFile; fileRef = BF8CBDC29A7A2F5950529C86 /* RoundCompleteMessage.m */; };
		BF8CB8F91E8B484C2A45B7FB /* PlayerInfo.m in Sources */ = {isa = PBXBuildFile; fileRef = BF8CB4168DC46DDB5C62E976 /* PlayerInfo.m */; };
		BF8CBAA5FAE16A280ECDAC57 /* StartGameMessage.m in Sources */ = {isa = PBXBuildFile; fileRef = BF8CB5A415A60865B797F832 /* StartGameMessage.m */; };
		BF8CBCC6232F6855ECF1E334 /* ConfigureGameResponse.m in Sources */ = {isa = PBXBuildFile; fileRef = BF8CB1D49EEA7A572593CFDC /* ConfigureGameResponse.m */; };
		BF8CBD1A178A1036AC0AE64E /* ConfigureGameRequest.m in Sources */ = {isa = PBXBuildFile; fileRef = BF8CBBE600492B98F33C9A8E /* ConfigureGameRequest.m */; };
		BF8CBD678D7166BC39F8D869 /* PlayCardMessage.m in Sources */ = {isa = PBXBuildFile; fileRef = BF8CBE6470A28025CEA6A5E1 /* PlayCardMessage.m */; };
		EAAF1D87FD8B459FB2E1C965 /* libPods.a in Frameworks */ = {isa = PBXBuildFile; fileRef = 201482854538406FBF9698BD /* libPods.a */; };
/* End PBXBuildFile section */

/* Begin PBXContainerItemProxy section */
		0C5C87321806988100C6B371 /* PBXContainerItemProxy */ = {
			isa = PBXContainerItemProxy;
			containerPortal = 0C5C87011806988000C6B371 /* Project object */;
			proxyType = 1;
			remoteGlobalIDString = 0C5C87081806988100C6B371;
			remoteInfo = NineCards;
		};
/* End PBXContainerItemProxy section */

/* Begin PBXFileReference section */
		0C07CF8418190FE900F07113 /* NSString+StringUtils.h */ = {isa = PBXFileReference; fileEncoding = 4; lastKnownFileType = sourcecode.c.h; name = "NSString+StringUtils.h"; path = "Categories/NSString+StringUtils.h"; sourceTree = "<group>"; };
		0C07CF8518190FE900F07113 /* NSString+StringUtils.m */ = {isa = PBXFileReference; fileEncoding = 4; lastKnownFileType = sourcecode.c.objc; name = "NSString+StringUtils.m"; path = "Categories/NSString+StringUtils.m"; sourceTree = "<group>"; };
		0C16BC0C180D56E8000DA30A /* 9Cards-BG-iPhone-568h@2x.png */ = {isa = PBXFileReference; lastKnownFileType = image.png; name = "9Cards-BG-iPhone-568h@2x.png"; path = "Images/9Cards-BG-iPhone-568h@2x.png"; sourceTree = "<group>"; };
		0C16BC0D180D56E8000DA30A /* 9Cards-BG-iPhone@2x.png */ = {isa = PBXFileReference; lastKnownFileType = image.png; name = "9Cards-BG-iPhone@2x.png"; path = "Images/9Cards-BG-iPhone@2x.png"; sourceTree = "<group>"; };
		0C3B48C9183626D3008F9DCD /* PlayerListSectionHeader.h */ = {isa = PBXFileReference; fileEncoding = 4; lastKnownFileType = sourcecode.c.h; path = PlayerListSectionHeader.h; sourceTree = "<group>"; };
		0C3B48CA183626D3008F9DCD /* PlayerListSectionHeader.m */ = {isa = PBXFileReference; fileEncoding = 4; lastKnownFileType = sourcecode.c.objc; path = PlayerListSectionHeader.m; sourceTree = "<group>"; };
		0C3B48CC183626F8008F9DCD /* PlayerListCardCell.h */ = {isa = PBXFileReference; fileEncoding = 4; lastKnownFileType = sourcecode.c.h; path = PlayerListCardCell.h; sourceTree = "<group>"; };
		0C3B48CD183626F8008F9DCD /* PlayerListCardCell.m */ = {isa = PBXFileReference; fileEncoding = 4; lastKnownFileType = sourcecode.c.objc; path = PlayerListCardCell.m; sourceTree = "<group>"; };
		0C3B48F318362D6C008F9DCD /* card1-iPhone.png */ = {isa = PBXFileReference; lastKnownFileType = image.png; path = "card1-iPhone.png"; sourceTree = "<group>"; };
		0C3B48F418362D6C008F9DCD /* card1-iPhone@2x.png */ = {isa = PBXFileReference; lastKnownFileType = image.png; path = "card1-iPhone@2x.png"; sourceTree = "<group>"; };
		0C3B48F518362D6C008F9DCD /* card2-iPhone.png */ = {isa = PBXFileReference; lastKnownFileType = image.png; path = "card2-iPhone.png"; sourceTree = "<group>"; };
		0C3B48F618362D6C008F9DCD /* card2-iPhone@2x.png */ = {isa = PBXFileReference; lastKnownFileType = image.png; path = "card2-iPhone@2x.png"; sourceTree = "<group>"; };
		0C3B48F718362D6C008F9DCD /* card3-iPhone.png */ = {isa = PBXFileReference; lastKnownFileType = image.png; path = "card3-iPhone.png"; sourceTree = "<group>"; };
		0C3B48F818362D6C008F9DCD /* card3-iPhone@2x.png */ = {isa = PBXFileReference; lastKnownFileType = image.png; path = "card3-iPhone@2x.png"; sourceTree = "<group>"; };
		0C3B48F918362D6C008F9DCD /* card4-iPhone.png */ = {isa = PBXFileReference; lastKnownFileType = image.png; path = "card4-iPhone.png"; sourceTree = "<group>"; };
		0C3B48FA18362D6C008F9DCD /* card4-iPhone@2x.png */ = {isa = PBXFileReference; lastKnownFileType = image.png; path = "card4-iPhone@2x.png"; sourceTree = "<group>"; };
		0C3B48FB18362D6C008F9DCD /* card5-iPhone.png */ = {isa = PBXFileReference; lastKnownFileType = image.png; path = "card5-iPhone.png"; sourceTree = "<group>"; };
		0C3B48FC18362D6C008F9DCD /* card5-iPhone@2x.png */ = {isa = PBXFileReference; lastKnownFileType = image.png; path = "card5-iPhone@2x.png"; sourceTree = "<group>"; };
		0C3B48FD18362D6C008F9DCD /* card6-iPhone.png */ = {isa = PBXFileReference; lastKnownFileType = image.png; path = "card6-iPhone.png"; sourceTree = "<group>"; };
		0C3B48FE18362D6C008F9DCD /* card6-iPhone@2x.png */ = {isa = PBXFileReference; lastKnownFileType = image.png; path = "card6-iPhone@2x.png"; sourceTree = "<group>"; };
		0C3B48FF18362D6C008F9DCD /* card7-iPhone.png */ = {isa = PBXFileReference; lastKnownFileType = image.png; path = "card7-iPhone.png"; sourceTree = "<group>"; };
		0C3B490018362D6C008F9DCD /* card7-iPhone@2x.png */ = {isa = PBXFileReference; lastKnownFileType = image.png; path = "card7-iPhone@2x.png"; sourceTree = "<group>"; };
		0C3B490118362D6C008F9DCD /* card8-iPhone.png */ = {isa = PBXFileReference; lastKnownFileType = image.png; path = "card8-iPhone.png"; sourceTree = "<group>"; };
		0C3B490218362D6C008F9DCD /* card8-iPhone@2x.png */ = {isa = PBXFileReference; lastKnownFileType = image.png; path = "card8-iPhone@2x.png"; sourceTree = "<group>"; };
		0C3B490318362D6C008F9DCD /* card9-iPhone.png */ = {isa = PBXFileReference; lastKnownFileType = image.png; path = "card9-iPhone.png"; sourceTree = "<group>"; };
		0C3B490418362D6C008F9DCD /* card9-iPhone@2x.png */ = {isa = PBXFileReference; lastKnownFileType = image.png; path = "card9-iPhone@2x.png"; sourceTree = "<group>"; };
		0C40AB5A1816631600CA06A5 /* CardButton.h */ = {isa = PBXFileReference; fileEncoding = 4; lastKnownFileType = sourcecode.c.h; path = CardButton.h; sourceTree = "<group>"; };
		0C40AB5B1816631600CA06A5 /* CardButton.m */ = {isa = PBXFileReference; fileEncoding = 4; lastKnownFileType = sourcecode.c.objc; path = CardButton.m; sourceTree = "<group>"; };
		0C5C87091806988100C6B371 /* NineCards.app */ = {isa = PBXFileReference; explicitFileType = wrapper.application; includeInIndex = 0; path = NineCards.app; sourceTree = BUILT_PRODUCTS_DIR; };
		0C5C870C1806988100C6B371 /* Foundation.framework */ = {isa = PBXFileReference; lastKnownFileType = wrapper.framework; name = Foundation.framework; path = System/Library/Frameworks/Foundation.framework; sourceTree = SDKROOT; };
		0C5C870E1806988100C6B371 /* CoreGraphics.framework */ = {isa = PBXFileReference; lastKnownFileType = wrapper.framework; name = CoreGraphics.framework; path = System/Library/Frameworks/CoreGraphics.framework; sourceTree = SDKROOT; };
		0C5C87101806988100C6B371 /* UIKit.framework */ = {isa = PBXFileReference; lastKnownFileType = wrapper.framework; name = UIKit.framework; path = System/Library/Frameworks/UIKit.framework; sourceTree = SDKROOT; };
		0C5C87141806988100C6B371 /* NineCards-Info.plist */ = {isa = PBXFileReference; lastKnownFileType = text.plist.xml; path = "NineCards-Info.plist"; sourceTree = "<group>"; };
		0C5C87161806988100C6B371 /* en */ = {isa = PBXFileReference; lastKnownFileType = text.plist.strings; name = en; path = en.lproj/InfoPlist.strings; sourceTree = "<group>"; };
		0C5C87181806988100C6B371 /* main.m */ = {isa = PBXFileReference; lastKnownFileType = sourcecode.c.objc; path = main.m; sourceTree = "<group>"; };
		0C5C871A1806988100C6B371 /* NineCards-Prefix.pch */ = {isa = PBXFileReference; lastKnownFileType = sourcecode.c.h; path = "NineCards-Prefix.pch"; sourceTree = "<group>"; };
		0C5C871B1806988100C6B371 /* AppDelegate.h */ = {isa = PBXFileReference; lastKnownFileType = sourcecode.c.h; path = AppDelegate.h; sourceTree = "<group>"; };
		0C5C871C1806988100C6B371 /* AppDelegate.m */ = {isa = PBXFileReference; lastKnownFileType = sourcecode.c.objc; path = AppDelegate.m; sourceTree = "<group>"; };
		0C5C871F1806988100C6B371 /* Base */ = {isa = PBXFileReference; lastKnownFileType = file.storyboard; name = Base; path = Base.lproj/Main_iPhone.storyboard; sourceTree = "<group>"; };
		0C5C87221806988100C6B371 /* Base */ = {isa = PBXFileReference; lastKnownFileType = file.storyboard; name = Base; path = Base.lproj/Main_iPad.storyboard; sourceTree = "<group>"; };
		0C5C87241806988100C6B371 /* GameListTableViewController.h */ = {isa = PBXFileReference; lastKnownFileType = sourcecode.c.h; path = GameListTableViewController.h; sourceTree = "<group>"; };
		0C5C87251806988100C6B371 /* GameListTableViewController.m */ = {isa = PBXFileReference; lastKnownFileType = sourcecode.c.objc; path = GameListTableViewController.m; sourceTree = "<group>"; };
		0C5C87271806988100C6B371 /* Images.xcassets */ = {isa = PBXFileReference; lastKnownFileType = folder.assetcatalog; path = Images.xcassets; sourceTree = "<group>"; };
		0C5C872D1806988100C6B371 /* NineCardsTests.xctest */ = {isa = PBXFileReference; explicitFileType = wrapper.cfbundle; includeInIndex = 0; path = NineCardsTests.xctest; sourceTree = BUILT_PRODUCTS_DIR; };
		0C5C872E1806988100C6B371 /* XCTest.framework */ = {isa = PBXFileReference; lastKnownFileType = wrapper.framework; name = XCTest.framework; path = Library/Frameworks/XCTest.framework; sourceTree = DEVELOPER_DIR; };
		0C5C87361806988100C6B371 /* NineCardsTests-Info.plist */ = {isa = PBXFileReference; lastKnownFileType = text.plist.xml; path = "NineCardsTests-Info.plist"; sourceTree = "<group>"; };
		0C5C87381806988100C6B371 /* en */ = {isa = PBXFileReference; lastKnownFileType = text.plist.strings; name = en; path = en.lproj/InfoPlist.strings; sourceTree = "<group>"; };
		0C5C873A1806988100C6B371 /* NineCardsTests.m */ = {isa = PBXFileReference; lastKnownFileType = sourcecode.c.objc; path = NineCardsTests.m; sourceTree = "<group>"; };
		0C5C874B1806B7C300C6B371 /* GameViewController.h */ = {isa = PBXFileReference; fileEncoding = 4; lastKnownFileType = sourcecode.c.h; path = GameViewController.h; sourceTree = "<group>"; };
		0C5C874C1806B7C300C6B371 /* GameViewController.m */ = {isa = PBXFileReference; fileEncoding = 4; lastKnownFileType = sourcecode.c.objc; path = GameViewController.m; sourceTree = "<group>"; };
		0C5C874E1806C12100C6B371 /* QuartzCore.framework */ = {isa = PBXFileReference; lastKnownFileType = wrapper.framework; name = QuartzCore.framework; path = System/Library/Frameworks/QuartzCore.framework; sourceTree = SDKROOT; };
		0C66D02118084DE900044B28 /* CreateGameViewController.h */ = {isa = PBXFileReference; fileEncoding = 4; lastKnownFileType = sourcecode.c.h; path = CreateGameViewController.h; sourceTree = "<group>"; };
		0C66D02218084DE900044B28 /* CreateGameViewController.m */ = {isa = PBXFileReference; fileEncoding = 4; lastKnownFileType = sourcecode.c.objc; path = CreateGameViewController.m; sourceTree = "<group>"; };
		0C7E38F6180D5CD5009F9158 /* StartViewController_iPhone.h */ = {isa = PBXFileReference; fileEncoding = 4; lastKnownFileType = sourcecode.c.h; path = StartViewController_iPhone.h; sourceTree = "<group>"; };
		0C7E38F7180D5CD5009F9158 /* StartViewController_iPhone.m */ = {isa = PBXFileReference; fileEncoding = 4; lastKnownFileType = sourcecode.c.objc; path = StartViewController_iPhone.m; sourceTree = "<group>"; };
		0C7E3914180EB87F009F9158 /* 9Cards-BGL-iPad.png */ = {isa = PBXFileReference; lastKnownFileType = image.png; name = "9Cards-BGL-iPad.png"; path = "Images/9Cards-BGL-iPad.png"; sourceTree = "<group>"; };
		0C7E3915180EB87F009F9158 /* 9Cards-BGL-iPad@2x.png */ = {isa = PBXFileReference; lastKnownFileType = image.png; name = "9Cards-BGL-iPad@2x.png"; path = "Images/9Cards-BGL-iPad@2x.png"; sourceTree = "<group>"; };
		0C7E3916180EB87F009F9158 /* 9Cards-BGP-iPad.png */ = {isa = PBXFileReference; lastKnownFileType = image.png; name = "9Cards-BGP-iPad.png"; path = "Images/9Cards-BGP-iPad.png"; sourceTree = "<group>"; };
		0C7E3917180EB87F009F9158 /* 9Cards-BGP-iPad@2x.png */ = {isa = PBXFileReference; lastKnownFileType = image.png; name = "9Cards-BGP-iPad@2x.png"; path = "Images/9Cards-BGP-iPad@2x.png"; sourceTree = "<group>"; };
		0C7E391D180FD04D009F9158 /* Game.h */ = {isa = PBXFileReference; fileEncoding = 4; lastKnownFileType = sourcecode.c.h; path = Game.h; sourceTree = "<group>"; };
		0C7E391E180FD04D009F9158 /* Game.m */ = {isa = PBXFileReference; fileEncoding = 4; lastKnownFileType = sourcecode.c.objc; path = Game.m; sourceTree = "<group>"; };
		0C7E392418102755009F9158 /* card1.png */ = {isa = PBXFileReference; lastKnownFileType = image.png; path = card1.png; sourceTree = "<group>"; };
		0C7E392518102755009F9158 /* card1@2x.png */ = {isa = PBXFileReference; lastKnownFileType = image.png; path = "card1@2x.png"; sourceTree = "<group>"; };
		0C7E392618102755009F9158 /* card2.png */ = {isa = PBXFileReference; lastKnownFileType = image.png; path = card2.png; sourceTree = "<group>"; };
		0C7E392718102755009F9158 /* card2@2x.png */ = {isa = PBXFileReference; lastKnownFileType = image.png; path = "card2@2x.png"; sourceTree = "<group>"; };
		0C7E392818102755009F9158 /* card3.png */ = {isa = PBXFileReference; lastKnownFileType = image.png; path = card3.png; sourceTree = "<group>"; };
		0C7E392918102755009F9158 /* card3@2x.png */ = {isa = PBXFileReference; lastKnownFileType = image.png; path = "card3@2x.png"; sourceTree = "<group>"; };
		0C7E392A18102755009F9158 /* card4.png */ = {isa = PBXFileReference; lastKnownFileType = image.png; path = card4.png; sourceTree = "<group>"; };
		0C7E392B18102755009F9158 /* card4@2x.png */ = {isa = PBXFileReference; lastKnownFileType = image.png; path = "card4@2x.png"; sourceTree = "<group>"; };
		0C7E392C18102755009F9158 /* card5.png */ = {isa = PBXFileReference; lastKnownFileType = image.png; path = card5.png; sourceTree = "<group>"; };
		0C7E392D18102755009F9158 /* card5@2x.png */ = {isa = PBXFileReference; lastKnownFileType = image.png; path = "card5@2x.png"; sourceTree = "<group>"; };
		0C7E392E18102755009F9158 /* card6.png */ = {isa = PBXFileReference; lastKnownFileType = image.png; path = card6.png; sourceTree = "<group>"; };
		0C7E392F18102755009F9158 /* card6@2x.png */ = {isa = PBXFileReference; lastKnownFileType = image.png; path = "card6@2x.png"; sourceTree = "<group>"; };
		0C7E393018102755009F9158 /* card7.png */ = {isa = PBXFileReference; lastKnownFileType = image.png; path = card7.png; sourceTree = "<group>"; };
		0C7E393118102755009F9158 /* card7@2x.png */ = {isa = PBXFileReference; lastKnownFileType = image.png; path = "card7@2x.png"; sourceTree = "<group>"; };
		0C7E393218102755009F9158 /* card8.png */ = {isa = PBXFileReference; lastKnownFileType = image.png; path = card8.png; sourceTree = "<group>"; };
		0C7E393318102755009F9158 /* card8@2x.png */ = {isa = PBXFileReference; lastKnownFileType = image.png; path = "card8@2x.png"; sourceTree = "<group>"; };
		0C7E393418102755009F9158 /* card9.png */ = {isa = PBXFileReference; lastKnownFileType = image.png; path = card9.png; sourceTree = "<group>"; };
		0C7E393518102755009F9158 /* card9@2x.png */ = {isa = PBXFileReference; lastKnownFileType = image.png; path = "card9@2x.png"; sourceTree = "<group>"; };
		0CF033CD18083CC000C1FE0F /* SettingsViewController.h */ = {isa = PBXFileReference; fileEncoding = 4; lastKnownFileType = sourcecode.c.h; path = SettingsViewController.h; sourceTree = "<group>"; };
		0CF033CE18083CC000C1FE0F /* SettingsViewController.m */ = {isa = PBXFileReference; fileEncoding = 4; lastKnownFileType = sourcecode.c.objc; path = SettingsViewController.m; sourceTree = "<group>"; };
		0CF033D018083D5200C1FE0F /* TextFieldCell.h */ = {isa = PBXFileReference; fileEncoding = 4; lastKnownFileType = sourcecode.c.h; path = TextFieldCell.h; sourceTree = "<group>"; };
		0CF033D118083D5200C1FE0F /* TextFieldCell.m */ = {isa = PBXFileReference; fileEncoding = 4; lastKnownFileType = sourcecode.c.objc; path = TextFieldCell.m; sourceTree = "<group>"; };
		0CFEBBB4180C8FAD00631DD2 /* StartViewController_iPad.h */ = {isa = PBXFileReference; fileEncoding = 4; lastKnownFileType = sourcecode.c.h; path = StartViewController_iPad.h; sourceTree = "<group>"; };
		0CFEBBB5180C8FAD00631DD2 /* StartViewController_iPad.m */ = {isa = PBXFileReference; fileEncoding = 4; lastKnownFileType = sourcecode.c.objc; path = StartViewController_iPad.m; sourceTree = "<group>"; };
		201482854538406FBF9698BD /* libPods.a */ = {isa = PBXFileReference; explicitFileType = archive.ar; includeInIndex = 0; path = libPods.a; sourceTree = BUILT_PRODUCTS_DIR; };
		38D6716BF7E24CD28EC41FF0 /* Pods.xcconfig */ = {isa = PBXFileReference; includeInIndex = 1; lastKnownFileType = text.xcconfig; name = Pods.xcconfig; path = Pods/Pods.xcconfig; sourceTree = "<group>"; };
		5B18235C182D298400FAD9FE /* GetGameConfigurationResponse.m */ = {isa = PBXFileReference; fileEncoding = 4; lastKnownFileType = sourcecode.c.objc; path = GetGameConfigurationResponse.m; sourceTree = "<group>"; };
		5B18235D182D298400FAD9FE /* GetGameConfigurationResponse.h */ = {isa = PBXFileReference; fileEncoding = 4; lastKnownFileType = sourcecode.c.h; path = GetGameConfigurationResponse.h; sourceTree = "<group>"; };
		5B18235E182D298400FAD9FE /* GetGameConfigurationRequest.m */ = {isa = PBXFileReference; fileEncoding = 4; lastKnownFileType = sourcecode.c.objc; path = GetGameConfigurationRequest.m; sourceTree = "<group>"; };
		5B18235F182D298400FAD9FE /* GetGameConfigurationRequest.h */ = {isa = PBXFileReference; fileEncoding = 4; lastKnownFileType = sourcecode.c.h; path = GetGameConfigurationRequest.h; sourceTree = "<group>"; };
		5B182360182D298400FAD9FE /* GameStartsMessage.m */ = {isa = PBXFileReference; fileEncoding = 4; lastKnownFileType = sourcecode.c.objc; path = GameStartsMessage.m; sourceTree = "<group>"; };
		5B182361182D298400FAD9FE /* GameStartsMessage.h */ = {isa = PBXFileReference; fileEncoding = 4; lastKnownFileType = sourcecode.c.h; path = GameStartsMessage.h; sourceTree = "<group>"; };
		5B1C401E180E94A60029030E /* Settings.plist */ = {isa = PBXFileReference; fileEncoding = 4; lastKnownFileType = text.plist.xml; path = Settings.plist; sourceTree = "<group>"; };
		5B219C851811312000C64C54 /* Settings.plist.example */ = {isa = PBXFileReference; fileEncoding = 4; lastKnownFileType = text.xml; path = Settings.plist.example; sourceTree = "<group>"; };
		5BDD0FC11831FF5700437515 /* GamePointsViewController.h */ = {isa = PBXFileReference; fileEncoding = 4; lastKnownFileType = sourcecode.c.h; path = GamePointsViewController.h; sourceTree = "<group>"; };
		5BDD0FC21831FF5700437515 /* GamePointsViewController.m */ = {isa = PBXFileReference; fileEncoding = 4; lastKnownFileType = sourcecode.c.objc; path = GamePointsViewController.m; sourceTree = "<group>"; };
		5BDD0FC61832031E00437515 /* GamePointsView.xib */ = {isa = PBXFileReference; fileEncoding = 4; lastKnownFileType = file.xib; path = GamePointsView.xib; sourceTree = "<group>"; };
		5BDD0FC8183207C100437515 /* Player.h */ = {isa = PBXFileReference; fileEncoding = 4; lastKnownFileType = sourcecode.c.h; path = Player.h; sourceTree = "<group>"; };
		5BDD0FC9183207C100437515 /* Player.m */ = {isa = PBXFileReference; fileEncoding = 4; lastKnownFileType = sourcecode.c.objc; path = Player.m; sourceTree = "<group>"; };
		BF8CB0A720CE579AE6AE27D3 /* GameOverMessage.h */ = {isa = PBXFileReference; fileEncoding = 4; lastKnownFileType = sourcecode.c.h; path = GameOverMessage.h; sourceTree = "<group>"; };
		BF8CB0C818E406A8842E8111 /* GameOverMessage.m */ = {isa = PBXFileReference; fileEncoding = 4; lastKnownFileType = sourcecode.c.objc; path = GameOverMessage.m; sourceTree = "<group>"; };
		BF8CB0D87C5E36E9110BC480 /* PlayCardMessage.h */ = {isa = PBXFileReference; fileEncoding = 4; lastKnownFileType = sourcecode.c.h; path = PlayCardMessage.h; sourceTree = "<group>"; };
		BF8CB13C0F0DA5D226EDCEBE /* CardPlayedMessage.m */ = {isa = PBXFileReference; fileEncoding = 4; lastKnownFileType = sourcecode.c.objc; path = CardPlayedMessage.m; sourceTree = "<group>"; };
		BF8CB1D49EEA7A572593CFDC /* ConfigureGameResponse.m */ = {isa = PBXFileReference; fileEncoding = 4; lastKnownFileType = sourcecode.c.objc; path = ConfigureGameResponse.m; sourceTree = "<group>"; };
		BF8CB4168DC46DDB5C62E976 /* PlayerInfo.m */ = {isa = PBXFileReference; fileEncoding = 4; lastKnownFileType = sourcecode.c.objc; path = PlayerInfo.m; sourceTree = "<group>"; };
		BF8CB5A415A60865B797F832 /* StartGameMessage.m */ = {isa = PBXFileReference; fileEncoding = 4; lastKnownFileType = sourcecode.c.objc; path = StartGameMessage.m; sourceTree = "<group>"; };
		BF8CB60FFED84F6B86707F82 /* ConfigureGameResponse.h */ = {isa = PBXFileReference; fileEncoding = 4; lastKnownFileType = sourcecode.c.h; path = ConfigureGameResponse.h; sourceTree = "<group>"; };
		BF8CB9757B6F63C0DA5E8598 /* PlayerInfo.h */ = {isa = PBXFileReference; fileEncoding = 4; lastKnownFileType = sourcecode.c.h; path = PlayerInfo.h; sourceTree = "<group>"; };
		BF8CB9FF65CEC580F9DD53D1 /* ConfigureGameRequest.h */ = {isa = PBXFileReference; fileEncoding = 4; lastKnownFileType = sourcecode.c.h; path = ConfigureGameRequest.h; sourceTree = "<group>"; };
		BF8CBBE600492B98F33C9A8E /* ConfigureGameRequest.m */ = {isa = PBXFileReference; fileEncoding = 4; lastKnownFileType = sourcecode.c.objc; path = ConfigureGameRequest.m; sourceTree = "<group>"; };
		BF8CBBF15E4E738FFD707811 /* RoundCompleteMessage.h */ = {isa = PBXFileReference; fileEncoding = 4; lastKnownFileType = sourcecode.c.h; path = RoundCompleteMessage.h; sourceTree = "<group>"; };
		BF8CBDC29A7A2F5950529C86 /* RoundCompleteMessage.m */ = {isa = PBXFileReference; fileEncoding = 4; lastKnownFileType = sourcecode.c.objc; path = RoundCompleteMessage.m; sourceTree = "<group>"; };
		BF8CBE6470A28025CEA6A5E1 /* PlayCardMessage.m */ = {isa = PBXFileReference; fileEncoding = 4; lastKnownFileType = sourcecode.c.objc; path = PlayCardMessage.m; sourceTree = "<group>"; };
		BF8CBF714526D0AF8DDD4EE3 /* StartGameMessage.h */ = {isa = PBXFileReference; fileEncoding = 4; lastKnownFileType = sourcecode.c.h; path = StartGameMessage.h; sourceTree = "<group>"; };
		BF8CBFB35C4ECE6650B205C5 /* CardPlayedMessage.h */ = {isa = PBXFileReference; fileEncoding = 4; lastKnownFileType = sourcecode.c.h; path = CardPlayedMessage.h; sourceTree = "<group>"; };
/* End PBXFileReference section */

/* Begin PBXFrameworksBuildPhase section */
		0C5C87061806988100C6B371 /* Frameworks */ = {
			isa = PBXFrameworksBuildPhase;
			buildActionMask = 2147483647;
			files = (
				0C5C874F1806C12100C6B371 /* QuartzCore.framework in Frameworks */,
				0C5C870F1806988100C6B371 /* CoreGraphics.framework in Frameworks */,
				0C5C87111806988100C6B371 /* UIKit.framework in Frameworks */,
				0C5C870D1806988100C6B371 /* Foundation.framework in Frameworks */,
				EAAF1D87FD8B459FB2E1C965 /* libPods.a in Frameworks */,
			);
			runOnlyForDeploymentPostprocessing = 0;
		};
		0C5C872A1806988100C6B371 /* Frameworks */ = {
			isa = PBXFrameworksBuildPhase;
			buildActionMask = 2147483647;
			files = (
				0C5C872F1806988100C6B371 /* XCTest.framework in Frameworks */,
				0C5C87311806988100C6B371 /* UIKit.framework in Frameworks */,
				0C5C87301806988100C6B371 /* Foundation.framework in Frameworks */,
			);
			runOnlyForDeploymentPostprocessing = 0;
		};
/* End PBXFrameworksBuildPhase section */

/* Begin PBXGroup section */
		0C5C87001806988000C6B371 = {
			isa = PBXGroup;
			children = (
				0C5C87121806988100C6B371 /* NineCards */,
				0C5C87341806988100C6B371 /* NineCardsTests */,
				0C5C870B1806988100C6B371 /* Frameworks */,
				0C5C870A1806988100C6B371 /* Products */,
				38D6716BF7E24CD28EC41FF0 /* Pods.xcconfig */,
			);
			sourceTree = "<group>";
		};
		0C5C870A1806988100C6B371 /* Products */ = {
			isa = PBXGroup;
			children = (
				0C5C87091806988100C6B371 /* NineCards.app */,
				0C5C872D1806988100C6B371 /* NineCardsTests.xctest */,
			);
			name = Products;
			sourceTree = "<group>";
		};
		0C5C870B1806988100C6B371 /* Frameworks */ = {
			isa = PBXGroup;
			children = (
				0C5C874E1806C12100C6B371 /* QuartzCore.framework */,
				0C5C870C1806988100C6B371 /* Foundation.framework */,
				0C5C870E1806988100C6B371 /* CoreGraphics.framework */,
				0C5C87101806988100C6B371 /* UIKit.framework */,
				0C5C872E1806988100C6B371 /* XCTest.framework */,
				201482854538406FBF9698BD /* libPods.a */,
			);
			name = Frameworks;
			sourceTree = "<group>";
		};
		0C5C87121806988100C6B371 /* NineCards */ = {
			isa = PBXGroup;
			children = (
				0C7E391C180FD01C009F9158 /* Model */,
				0CFEBBBB180D319200631DD2 /* Images */,
				0C5C8745180698CB00C6B371 /* Controllers */,
				0C5C8744180698C400C6B371 /* Views */,
				0C5C871B1806988100C6B371 /* AppDelegate.h */,
				0C5C871C1806988100C6B371 /* AppDelegate.m */,
				0C5C87271806988100C6B371 /* Images.xcassets */,
				0C5C87131806988100C6B371 /* Supporting Files */,
				BF8CB60FE278B02A25291DD0 /* Beans */,
				0C07CF8418190FE900F07113 /* NSString+StringUtils.h */,
				0C07CF8518190FE900F07113 /* NSString+StringUtils.m */,
			);
			path = NineCards;
			sourceTree = "<group>";
		};
		0C5C87131806988100C6B371 /* Supporting Files */ = {
			isa = PBXGroup;
			children = (
				5B219C851811312000C64C54 /* Settings.plist.example */,
				0C5C87141806988100C6B371 /* NineCards-Info.plist */,
				0C5C87151806988100C6B371 /* InfoPlist.strings */,
				0C5C87181806988100C6B371 /* main.m */,
				0C5C871A1806988100C6B371 /* NineCards-Prefix.pch */,
				5B1C401E180E94A60029030E /* Settings.plist */,
			);
			name = "Supporting Files";
			sourceTree = "<group>";
		};
		0C5C87341806988100C6B371 /* NineCardsTests */ = {
			isa = PBXGroup;
			children = (
				0C5C873A1806988100C6B371 /* NineCardsTests.m */,
				0C5C87351806988100C6B371 /* Supporting Files */,
			);
			path = NineCardsTests;
			sourceTree = "<group>";
		};
		0C5C87351806988100C6B371 /* Supporting Files */ = {
			isa = PBXGroup;
			children = (
				0C5C87361806988100C6B371 /* NineCardsTests-Info.plist */,
				0C5C87371806988100C6B371 /* InfoPlist.strings */,
			);
			name = "Supporting Files";
			sourceTree = "<group>";
		};
		0C5C8744180698C400C6B371 /* Views */ = {
			isa = PBXGroup;
			children = (
				0C5C871E1806988100C6B371 /* Main_iPhone.storyboard */,
				0C5C87211806988100C6B371 /* Main_iPad.storyboard */,
				0CF033D018083D5200C1FE0F /* TextFieldCell.h */,
				0CF033D118083D5200C1FE0F /* TextFieldCell.m */,
				0C40AB5A1816631600CA06A5 /* CardButton.h */,
				0C40AB5B1816631600CA06A5 /* CardButton.m */,
				5BDD0FC61832031E00437515 /* GamePointsView.xib */,
				0C3B48C9183626D3008F9DCD /* PlayerListSectionHeader.h */,
				0C3B48CA183626D3008F9DCD /* PlayerListSectionHeader.m */,
				0C3B48CC183626F8008F9DCD /* PlayerListCardCell.h */,
				0C3B48CD183626F8008F9DCD /* PlayerListCardCell.m */,
			);
			name = Views;
			sourceTree = "<group>";
		};
		0C5C8745180698CB00C6B371 /* Controllers */ = {
			isa = PBXGroup;
			children = (
				0C5C87241806988100C6B371 /* GameListTableViewController.h */,
				0C5C87251806988100C6B371 /* GameListTableViewController.m */,
				0C5C874B1806B7C300C6B371 /* GameViewController.h */,
				0C5C874C1806B7C300C6B371 /* GameViewController.m */,
				0CF033CD18083CC000C1FE0F /* SettingsViewController.h */,
				0CF033CE18083CC000C1FE0F /* SettingsViewController.m */,
				0C66D02118084DE900044B28 /* CreateGameViewController.h */,
				0C66D02218084DE900044B28 /* CreateGameViewController.m */,
				0CFEBBB4180C8FAD00631DD2 /* StartViewController_iPad.h */,
				0CFEBBB5180C8FAD00631DD2 /* StartViewController_iPad.m */,
				0C7E38F6180D5CD5009F9158 /* StartViewController_iPhone.h */,
				0C7E38F7180D5CD5009F9158 /* StartViewController_iPhone.m */,
				5BDD0FC11831FF5700437515 /* GamePointsViewController.h */,
				5BDD0FC21831FF5700437515 /* GamePointsViewController.m */,
			);
			name = Controllers;
			sourceTree = "<group>";
		};
		0C7E391C180FD01C009F9158 /* Model */ = {
			isa = PBXGroup;
			children = (
				0C7E391D180FD04D009F9158 /* Game.h */,
				0C7E391E180FD04D009F9158 /* Game.m */,
				5BDD0FC8183207C100437515 /* Player.h */,
				5BDD0FC9183207C100437515 /* Player.m */,
			);
			name = Model;
			sourceTree = "<group>";
		};
		0C7E392318102755009F9158 /* Cards */ = {
			isa = PBXGroup;
			children = (
				0C3B48F318362D6C008F9DCD /* card1-iPhone.png */,
				0C3B48F418362D6C008F9DCD /* card1-iPhone@2x.png */,
				0C3B48F518362D6C008F9DCD /* card2-iPhone.png */,
				0C3B48F618362D6C008F9DCD /* card2-iPhone@2x.png */,
				0C3B48F718362D6C008F9DCD /* card3-iPhone.png */,
				0C3B48F818362D6C008F9DCD /* card3-iPhone@2x.png */,
				0C3B48F918362D6C008F9DCD /* card4-iPhone.png */,
				0C3B48FA18362D6C008F9DCD /* card4-iPhone@2x.png */,
				0C3B48FB18362D6C008F9DCD /* card5-iPhone.png */,
				0C3B48FC18362D6C008F9DCD /* card5-iPhone@2x.png */,
				0C3B48FD18362D6C008F9DCD /* card6-iPhone.png */,
				0C3B48FE18362D6C008F9DCD /* card6-iPhone@2x.png */,
				0C3B48FF18362D6C008F9DCD /* card7-iPhone.png */,
				0C3B490018362D6C008F9DCD /* card7-iPhone@2x.png */,
				0C3B490118362D6C008F9DCD /* card8-iPhone.png */,
				0C3B490218362D6C008F9DCD /* card8-iPhone@2x.png */,
				0C3B490318362D6C008F9DCD /* card9-iPhone.png */,
				0C3B490418362D6C008F9DCD /* card9-iPhone@2x.png */,
				0C7E392418102755009F9158 /* card1.png */,
				0C7E392518102755009F9158 /* card1@2x.png */,
				0C7E392618102755009F9158 /* card2.png */,
				0C7E392718102755009F9158 /* card2@2x.png */,
				0C7E392818102755009F9158 /* card3.png */,
				0C7E392918102755009F9158 /* card3@2x.png */,
				0C7E392A18102755009F9158 /* card4.png */,
				0C7E392B18102755009F9158 /* card4@2x.png */,
				0C7E392C18102755009F9158 /* card5.png */,
				0C7E392D18102755009F9158 /* card5@2x.png */,
				0C7E392E18102755009F9158 /* card6.png */,
				0C7E392F18102755009F9158 /* card6@2x.png */,
				0C7E393018102755009F9158 /* card7.png */,
				0C7E393118102755009F9158 /* card7@2x.png */,
				0C7E393218102755009F9158 /* card8.png */,
				0C7E393318102755009F9158 /* card8@2x.png */,
				0C7E393418102755009F9158 /* card9.png */,
				0C7E393518102755009F9158 /* card9@2x.png */,
			);
			name = Cards;
			path = Images/Cards;
			sourceTree = "<group>";
		};
		0CFEBBBB180D319200631DD2 /* Images */ = {
			isa = PBXGroup;
			children = (
				0C7E392318102755009F9158 /* Cards */,
				0C7E3914180EB87F009F9158 /* 9Cards-BGL-iPad.png */,
				0C7E3915180EB87F009F9158 /* 9Cards-BGL-iPad@2x.png */,
				0C7E3916180EB87F009F9158 /* 9Cards-BGP-iPad.png */,
				0C7E3917180EB87F009F9158 /* 9Cards-BGP-iPad@2x.png */,
				0C16BC0C180D56E8000DA30A /* 9Cards-BG-iPhone-568h@2x.png */,
				0C16BC0D180D56E8000DA30A /* 9Cards-BG-iPhone@2x.png */,
			);
			name = Images;
			sourceTree = "<group>";
		};
		BF8CB60FE278B02A25291DD0 /* Beans */ = {
			isa = PBXGroup;
			children = (
				5B18235C182D298400FAD9FE /* GetGameConfigurationResponse.m */,
				5B18235D182D298400FAD9FE /* GetGameConfigurationResponse.h */,
				5B18235E182D298400FAD9FE /* GetGameConfigurationRequest.m */,
				5B18235F182D298400FAD9FE /* GetGameConfigurationRequest.h */,
				5B182360182D298400FAD9FE /* GameStartsMessage.m */,
				5B182361182D298400FAD9FE /* GameStartsMessage.h */,
				BF8CBFB35C4ECE6650B205C5 /* CardPlayedMessage.h */,
				BF8CB13C0F0DA5D226EDCEBE /* CardPlayedMessage.m */,
				BF8CB9FF65CEC580F9DD53D1 /* ConfigureGameRequest.h */,
				BF8CBBE600492B98F33C9A8E /* ConfigureGameRequest.m */,
				BF8CB60FFED84F6B86707F82 /* ConfigureGameResponse.h */,
				BF8CB1D49EEA7A572593CFDC /* ConfigureGameResponse.m */,
				BF8CB0A720CE579AE6AE27D3 /* GameOverMessage.h */,
				BF8CB0C818E406A8842E8111 /* GameOverMessage.m */,
				BF8CB0D87C5E36E9110BC480 /* PlayCardMessage.h */,
				BF8CBE6470A28025CEA6A5E1 /* PlayCardMessage.m */,
				BF8CB9757B6F63C0DA5E8598 /* PlayerInfo.h */,
				BF8CB4168DC46DDB5C62E976 /* PlayerInfo.m */,
				BF8CBBF15E4E738FFD707811 /* RoundCompleteMessage.h */,
				BF8CBDC29A7A2F5950529C86 /* RoundCompleteMessage.m */,
				BF8CBF714526D0AF8DDD4EE3 /* StartGameMessage.h */,
				BF8CB5A415A60865B797F832 /* StartGameMessage.m */,
			);
			path = Beans;
			sourceTree = "<group>";
		};
/* End PBXGroup section */

/* Begin PBXNativeTarget section */
		0C5C87081806988100C6B371 /* NineCards */ = {
			isa = PBXNativeTarget;
			buildConfigurationList = 0C5C873E1806988100C6B371 /* Build configuration list for PBXNativeTarget "NineCards" */;
			buildPhases = (
				7A68FB442CCA46A0BB1CDD7E /* Check Pods Manifest.lock */,
				0C5C87051806988100C6B371 /* Sources */,
				0C5C87061806988100C6B371 /* Frameworks */,
				0C5C87071806988100C6B371 /* Resources */,
				9E5822F1863149D693C95635 /* Copy Pods Resources */,
			);
			buildRules = (
			);
			dependencies = (
			);
			name = NineCards;
			productName = NineCards;
			productReference = 0C5C87091806988100C6B371 /* NineCards.app */;
			productType = "com.apple.product-type.application";
		};
		0C5C872C1806988100C6B371 /* NineCardsTests */ = {
			isa = PBXNativeTarget;
			buildConfigurationList = 0C5C87411806988100C6B371 /* Build configuration list for PBXNativeTarget "NineCardsTests" */;
			buildPhases = (
				0C5C87291806988100C6B371 /* Sources */,
				0C5C872A1806988100C6B371 /* Frameworks */,
				0C5C872B1806988100C6B371 /* Resources */,
			);
			buildRules = (
			);
			dependencies = (
				0C5C87331806988100C6B371 /* PBXTargetDependency */,
			);
			name = NineCardsTests;
			productName = NineCardsTests;
			productReference = 0C5C872D1806988100C6B371 /* NineCardsTests.xctest */;
			productType = "com.apple.product-type.bundle.unit-test";
		};
/* End PBXNativeTarget section */

/* Begin PBXProject section */
		0C5C87011806988000C6B371 /* Project object */ = {
			isa = PBXProject;
			attributes = {
				LastUpgradeCheck = 0500;
				ORGANIZATIONNAME = Mobilis;
				TargetAttributes = {
					0C5C87081806988100C6B371 = {
						DevelopmentTeam = KYTQR8SDCT;
					};
					0C5C872C1806988100C6B371 = {
						TestTargetID = 0C5C87081806988100C6B371;
					};
				};
			};
			buildConfigurationList = 0C5C87041806988000C6B371 /* Build configuration list for PBXProject "NineCards" */;
			compatibilityVersion = "Xcode 3.2";
			developmentRegion = English;
			hasScannedForEncodings = 0;
			knownRegions = (
				en,
				Base,
			);
			mainGroup = 0C5C87001806988000C6B371;
			productRefGroup = 0C5C870A1806988100C6B371 /* Products */;
			projectDirPath = "";
			projectRoot = "";
			targets = (
				0C5C87081806988100C6B371 /* NineCards */,
				0C5C872C1806988100C6B371 /* NineCardsTests */,
			);
		};
/* End PBXProject section */

/* Begin PBXResourcesBuildPhase section */
		0C5C87071806988100C6B371 /* Resources */ = {
			isa = PBXResourcesBuildPhase;
			buildActionMask = 2147483647;
			files = (
				0C16BC0F180D56E8000DA30A /* 9Cards-BG-iPhone@2x.png in Resources */,
				0C3B491618362D6C008F9DCD /* card9-iPhone@2x.png in Resources */,
				0C5C87231806988100C6B371 /* Main_iPad.storyboard in Resources */,
				0C3B490A18362D6C008F9DCD /* card3-iPhone@2x.png in Resources */,
				0C7E394318102755009F9158 /* card7@2x.png in Resources */,
				0C7E394618102755009F9158 /* card9.png in Resources */,
				0C7E394118102755009F9158 /* card6@2x.png in Resources */,
				0C16BC0E180D56E8000DA30A /* 9Cards-BG-iPhone-568h@2x.png in Resources */,
				0C5C87281806988100C6B371 /* Images.xcassets in Resources */,
				0C7E394718102755009F9158 /* card9@2x.png in Resources */,
				0C5C87201806988100C6B371 /* Main_iPhone.storyboard in Resources */,
				0C3B490818362D6C008F9DCD /* card2-iPhone@2x.png in Resources */,
				5B1C401F180E94A60029030E /* Settings.plist in Resources */,
				0C3B491418362D6C008F9DCD /* card8-iPhone@2x.png in Resources */,
				0C7E394418102755009F9158 /* card8.png in Resources */,
				0C3B490918362D6C008F9DCD /* card3-iPhone.png in Resources */,
				0C3B490718362D6C008F9DCD /* card2-iPhone.png in Resources */,
				0C7E3918180EB87F009F9158 /* 9Cards-BGL-iPad.png in Resources */,
				5B219C861811312000C64C54 /* Settings.plist.example in Resources */,
				0C3B490C18362D6C008F9DCD /* card4-iPhone@2x.png in Resources */,
				0C3B490D18362D6C008F9DCD /* card5-iPhone.png in Resources */,
				0C7E393618102755009F9158 /* card1.png in Resources */,
				0C7E393918102755009F9158 /* card2@2x.png in Resources */,
				0C7E393B18102755009F9158 /* card3@2x.png in Resources */,
				0C3B491218362D6C008F9DCD /* card7-iPhone@2x.png in Resources */,
				0C7E393A18102755009F9158 /* card3.png in Resources */,
				0C3B490B18362D6C008F9DCD /* card4-iPhone.png in Resources */,
				0C3B491018362D6C008F9DCD /* card6-iPhone@2x.png in Resources */,
				0C7E391B180EB87F009F9158 /* 9Cards-BGP-iPad@2x.png in Resources */,
				0C7E394218102755009F9158 /* card7.png in Resources */,
				5BDD0FC71832031E00437515 /* GamePointsView.xib in Resources */,
				0C7E394518102755009F9158 /* card8@2x.png in Resources */,
				0C7E391A180EB87F009F9158 /* 9Cards-BGP-iPad.png in Resources */,
				0C3B490618362D6C008F9DCD /* card1-iPhone@2x.png in Resources */,
				0C7E393818102755009F9158 /* card2.png in Resources */,
				0C3B491118362D6C008F9DCD /* card7-iPhone.png in Resources */,
				0C3B490F18362D6C008F9DCD /* card6-iPhone.png in Resources */,
				0C7E393D18102755009F9158 /* card4@2x.png in Resources */,
				0C3B490E18362D6C008F9DCD /* card5-iPhone@2x.png in Resources */,
				0C3B491518362D6C008F9DCD /* card9-iPhone.png in Resources */,
				0C3B491318362D6C008F9DCD /* card8-iPhone.png in Resources */,
				0C7E393E18102755009F9158 /* card5.png in Resources */,
				0C7E393F18102755009F9158 /* card5@2x.png in Resources */,
				0C7E3919180EB87F009F9158 /* 9Cards-BGL-iPad@2x.png in Resources */,
				0C5C87171806988100C6B371 /* InfoPlist.strings in Resources */,
				0C7E393C18102755009F9158 /* card4.png in Resources */,
				0C7E394018102755009F9158 /* card6.png in Resources */,
				0C3B490518362D6C008F9DCD /* card1-iPhone.png in Resources */,
				0C7E393718102755009F9158 /* card1@2x.png in Resources */,
			);
			runOnlyForDeploymentPostprocessing = 0;
		};
		0C5C872B1806988100C6B371 /* Resources */ = {
			isa = PBXResourcesBuildPhase;
			buildActionMask = 2147483647;
			files = (
				0C5C87391806988100C6B371 /* InfoPlist.strings in Resources */,
			);
			runOnlyForDeploymentPostprocessing = 0;
		};
/* End PBXResourcesBuildPhase section */

/* Begin PBXShellScriptBuildPhase section */
		7A68FB442CCA46A0BB1CDD7E /* Check Pods Manifest.lock */ = {
			isa = PBXShellScriptBuildPhase;
			buildActionMask = 2147483647;
			files = (
			);
			inputPaths = (
			);
			name = "Check Pods Manifest.lock";
			outputPaths = (
			);
			runOnlyForDeploymentPostprocessing = 0;
			shellPath = /bin/sh;
			shellScript = "diff \"${PODS_ROOT}/../Podfile.lock\" \"${PODS_ROOT}/Manifest.lock\" > /dev/null\nif [[ $? != 0 ]] ; then\n    cat << EOM\nerror: The sandbox is not in sync with the Podfile.lock. Run 'pod install' or update your CocoaPods installation.\nEOM\n    exit 1\nfi\n";
			showEnvVarsInLog = 0;
		};
		9E5822F1863149D693C95635 /* Copy Pods Resources */ = {
			isa = PBXShellScriptBuildPhase;
			buildActionMask = 2147483647;
			files = (
			);
			inputPaths = (
			);
			name = "Copy Pods Resources";
			outputPaths = (
			);
			runOnlyForDeploymentPostprocessing = 0;
			shellPath = /bin/sh;
			shellScript = "\"${SRCROOT}/Pods/Pods-resources.sh\"\n";
			showEnvVarsInLog = 0;
		};
/* End PBXShellScriptBuildPhase section */

/* Begin PBXSourcesBuildPhase section */
		0C5C87051806988100C6B371 /* Sources */ = {
			isa = PBXSourcesBuildPhase;
			buildActionMask = 2147483647;
			files = (
				0C5C874D1806B7C300C6B371 /* GameViewController.m in Sources */,
				0C5C87261806988100C6B371 /* GameListTableViewController.m in Sources */,
				0C3B48CE183626F8008F9DCD /* PlayerListCardCell.m in Sources */,
				0C7E38F8180D5CD5009F9158 /* StartViewController_iPhone.m in Sources */,
				0C40AB5C1816631600CA06A5 /* CardButton.m in Sources */,
				0CF033CF18083CC000C1FE0F /* SettingsViewController.m in Sources */,
				5B182364182D298400FAD9FE /* GameStartsMessage.m in Sources */,
				0CF033D218083D5200C1FE0F /* TextFieldCell.m in Sources */,
				0C3B48CB183626D3008F9DCD /* PlayerListSectionHeader.m in Sources */,
				0C5C871D1806988100C6B371 /* AppDelegate.m in Sources */,
				5BF79944183E4411002A54AC /* GamePointsViewController.m in Sources */,
				5B182363182D298400FAD9FE /* GetGameConfigurationRequest.m in Sources */,
				0C66D02318084DE900044B28 /* CreateGameViewController.m in Sources */,
				0C07CF8618190FE900F07113 /* NSString+StringUtils.m in Sources */,
				0C5C87191806988100C6B371 /* main.m in Sources */,
				0CFEBBB6180C8FAD00631DD2 /* StartViewController_iPad.m in Sources */,
				0C7E391F180FD04D009F9158 /* Game.m in Sources */,
				BF8CB332BFD951164EBA5B99 /* CardPlayedMessage.m in Sources */,
				BF8CBD1A178A1036AC0AE64E /* ConfigureGameRequest.m in Sources */,
				BF8CBCC6232F6855ECF1E334 /* ConfigureGameResponse.m in Sources */,
				BF8CB25D253FE7F53718C5DC /* GameOverMessage.m in Sources */,
				BF8CBD678D7166BC39F8D869 /* PlayCardMessage.m in Sources */,
				BF8CB8F91E8B484C2A45B7FB /* PlayerInfo.m in Sources */,
				BF8CB7FB7A452FC8022AA89E /* RoundCompleteMessage.m in Sources */,
				BF8CBAA5FAE16A280ECDAC57 /* StartGameMessage.m in Sources */,
				5B182362182D298400FAD9FE /* GetGameConfigurationResponse.m in Sources */,
				5BDD0FCA183207C100437515 /* Player.m in Sources */,
			);
			runOnlyForDeploymentPostprocessing = 0;
		};
		0C5C87291806988100C6B371 /* Sources */ = {
			isa = PBXSourcesBuildPhase;
			buildActionMask = 2147483647;
			files = (
				0C5C873B1806988100C6B371 /* NineCardsTests.m in Sources */,
			);
			runOnlyForDeploymentPostprocessing = 0;
		};
/* End PBXSourcesBuildPhase section */

/* Begin PBXTargetDependency section */
		0C5C87331806988100C6B371 /* PBXTargetDependency */ = {
			isa = PBXTargetDependency;
			target = 0C5C87081806988100C6B371 /* NineCards */;
			targetProxy = 0C5C87321806988100C6B371 /* PBXContainerItemProxy */;
		};
/* End PBXTargetDependency section */

/* Begin PBXVariantGroup section */
		0C5C87151806988100C6B371 /* InfoPlist.strings */ = {
			isa = PBXVariantGroup;
			children = (
				0C5C87161806988100C6B371 /* en */,
			);
			name = InfoPlist.strings;
			sourceTree = "<group>";
		};
		0C5C871E1806988100C6B371 /* Main_iPhone.storyboard */ = {
			isa = PBXVariantGroup;
			children = (
				0C5C871F1806988100C6B371 /* Base */,
			);
			name = Main_iPhone.storyboard;
			sourceTree = "<group>";
		};
		0C5C87211806988100C6B371 /* Main_iPad.storyboard */ = {
			isa = PBXVariantGroup;
			children = (
				0C5C87221806988100C6B371 /* Base */,
			);
			name = Main_iPad.storyboard;
			sourceTree = "<group>";
		};
		0C5C87371806988100C6B371 /* InfoPlist.strings */ = {
			isa = PBXVariantGroup;
			children = (
				0C5C87381806988100C6B371 /* en */,
			);
			name = InfoPlist.strings;
			sourceTree = "<group>";
		};
/* End PBXVariantGroup section */

/* Begin XCBuildConfiguration section */
		0C5C873C1806988100C6B371 /* Debug */ = {
			isa = XCBuildConfiguration;
			buildSettings = {
				ALWAYS_SEARCH_USER_PATHS = NO;
				ARCHS = "$(ARCHS_STANDARD_INCLUDING_64_BIT)";
				CLANG_CXX_LANGUAGE_STANDARD = "gnu++0x";
				CLANG_CXX_LIBRARY = "libc++";
				CLANG_ENABLE_MODULES = YES;
				CLANG_ENABLE_OBJC_ARC = YES;
				CLANG_WARN_BOOL_CONVERSION = YES;
				CLANG_WARN_CONSTANT_CONVERSION = YES;
				CLANG_WARN_DIRECT_OBJC_ISA_USAGE = YES_ERROR;
				CLANG_WARN_EMPTY_BODY = YES;
				CLANG_WARN_ENUM_CONVERSION = YES;
				CLANG_WARN_INT_CONVERSION = YES;
				CLANG_WARN_OBJC_ROOT_CLASS = YES_ERROR;
				CLANG_WARN__DUPLICATE_METHOD_MATCH = YES;
				"CODE_SIGN_IDENTITY[sdk=iphoneos*]" = "iPhone Developer";
				COPY_PHASE_STRIP = NO;
				GCC_C_LANGUAGE_STANDARD = gnu99;
				GCC_DYNAMIC_NO_PIC = NO;
				GCC_OPTIMIZATION_LEVEL = 0;
				GCC_PREPROCESSOR_DEFINITIONS = (
					"DEBUG=1",
					"$(inherited)",
				);
				GCC_SYMBOLS_PRIVATE_EXTERN = NO;
				GCC_WARN_64_TO_32_BIT_CONVERSION = YES;
				GCC_WARN_ABOUT_RETURN_TYPE = YES_ERROR;
				GCC_WARN_UNDECLARED_SELECTOR = YES;
				GCC_WARN_UNINITIALIZED_AUTOS = YES;
				GCC_WARN_UNUSED_FUNCTION = YES;
				GCC_WARN_UNUSED_VARIABLE = YES;
				IPHONEOS_DEPLOYMENT_TARGET = 7.0;
				ONLY_ACTIVE_ARCH = YES;
				SDKROOT = iphoneos;
				TARGETED_DEVICE_FAMILY = "1,2";
			};
			name = Debug;
		};
		0C5C873D1806988100C6B371 /* Release */ = {
			isa = XCBuildConfiguration;
			buildSettings = {
				ALWAYS_SEARCH_USER_PATHS = NO;
				ARCHS = "$(ARCHS_STANDARD_INCLUDING_64_BIT)";
				CLANG_CXX_LANGUAGE_STANDARD = "gnu++0x";
				CLANG_CXX_LIBRARY = "libc++";
				CLANG_ENABLE_MODULES = YES;
				CLANG_ENABLE_OBJC_ARC = YES;
				CLANG_WARN_BOOL_CONVERSION = YES;
				CLANG_WARN_CONSTANT_CONVERSION = YES;
				CLANG_WARN_DIRECT_OBJC_ISA_USAGE = YES_ERROR;
				CLANG_WARN_EMPTY_BODY = YES;
				CLANG_WARN_ENUM_CONVERSION = YES;
				CLANG_WARN_INT_CONVERSION = YES;
				CLANG_WARN_OBJC_ROOT_CLASS = YES_ERROR;
				CLANG_WARN__DUPLICATE_METHOD_MATCH = YES;
				"CODE_SIGN_IDENTITY[sdk=iphoneos*]" = "iPhone Developer";
				COPY_PHASE_STRIP = YES;
				ENABLE_NS_ASSERTIONS = NO;
				GCC_C_LANGUAGE_STANDARD = gnu99;
				GCC_WARN_64_TO_32_BIT_CONVERSION = YES;
				GCC_WARN_ABOUT_RETURN_TYPE = YES_ERROR;
				GCC_WARN_UNDECLARED_SELECTOR = YES;
				GCC_WARN_UNINITIALIZED_AUTOS = YES;
				GCC_WARN_UNUSED_FUNCTION = YES;
				GCC_WARN_UNUSED_VARIABLE = YES;
				IPHONEOS_DEPLOYMENT_TARGET = 7.0;
				SDKROOT = iphoneos;
				TARGETED_DEVICE_FAMILY = "1,2";
				VALIDATE_PRODUCT = YES;
			};
			name = Release;
		};
		0C5C873F1806988100C6B371 /* Debug */ = {
			isa = XCBuildConfiguration;
			baseConfigurationReference = 38D6716BF7E24CD28EC41FF0 /* Pods.xcconfig */;
			buildSettings = {
				ASSETCATALOG_COMPILER_APPICON_NAME = AppIcon;
				ASSETCATALOG_COMPILER_LAUNCHIMAGE_NAME = LaunchImage;
				CODE_SIGN_IDENTITY = "iPhone Developer";
				GCC_PRECOMPILE_PREFIX_HEADER = YES;
				GCC_PREFIX_HEADER = "NineCards/NineCards-Prefix.pch";
				INFOPLIST_FILE = "NineCards/NineCards-Info.plist";
				IPHONEOS_DEPLOYMENT_TARGET = 7.0;
				PRODUCT_NAME = "$(TARGET_NAME)";
				WRAPPER_EXTENSION = app;
			};
			name = Debug;
		};
		0C5C87401806988100C6B371 /* Release */ = {
			isa = XCBuildConfiguration;
			baseConfigurationReference = 38D6716BF7E24CD28EC41FF0 /* Pods.xcconfig */;
			buildSettings = {
				ASSETCATALOG_COMPILER_APPICON_NAME = AppIcon;
				ASSETCATALOG_COMPILER_LAUNCHIMAGE_NAME = LaunchImage;
				CODE_SIGN_IDENTITY = "iPhone Developer";
				GCC_PRECOMPILE_PREFIX_HEADER = YES;
				GCC_PREFIX_HEADER = "NineCards/NineCards-Prefix.pch";
				INFOPLIST_FILE = "NineCards/NineCards-Info.plist";
				IPHONEOS_DEPLOYMENT_TARGET = 7.0;
				PRODUCT_NAME = "$(TARGET_NAME)";
				WRAPPER_EXTENSION = app;
			};
			name = Release;
		};
		0C5C87421806988100C6B371 /* Debug */ = {
			isa = XCBuildConfiguration;
			buildSettings = {
				ARCHS = "$(ARCHS_STANDARD_INCLUDING_64_BIT)";
				BUNDLE_LOADER = "$(BUILT_PRODUCTS_DIR)/NineCards.app/NineCards";
				FRAMEWORK_SEARCH_PATHS = (
					"$(SDKROOT)/Developer/Library/Frameworks",
					"$(inherited)",
					"$(DEVELOPER_FRAMEWORKS_DIR)",
				);
				GCC_PRECOMPILE_PREFIX_HEADER = YES;
				GCC_PREFIX_HEADER = "NineCards/NineCards-Prefix.pch";
				GCC_PREPROCESSOR_DEFINITIONS = (
					"DEBUG=1",
					"$(inherited)",
				);
				INFOPLIST_FILE = "NineCardsTests/NineCardsTests-Info.plist";
				PRODUCT_NAME = "$(TARGET_NAME)";
				TEST_HOST = "$(BUNDLE_LOADER)";
				WRAPPER_EXTENSION = xctest;
			};
			name = Debug;
		};
		0C5C87431806988100C6B371 /* Release */ = {
			isa = XCBuildConfiguration;
			buildSettings = {
				ARCHS = "$(ARCHS_STANDARD_INCLUDING_64_BIT)";
				BUNDLE_LOADER = "$(BUILT_PRODUCTS_DIR)/NineCards.app/NineCards";
				FRAMEWORK_SEARCH_PATHS = (
					"$(SDKROOT)/Developer/Library/Frameworks",
					"$(inherited)",
					"$(DEVELOPER_FRAMEWORKS_DIR)",
				);
				GCC_PRECOMPILE_PREFIX_HEADER = YES;
				GCC_PREFIX_HEADER = "NineCards/NineCards-Prefix.pch";
				INFOPLIST_FILE = "NineCardsTests/NineCardsTests-Info.plist";
				PRODUCT_NAME = "$(TARGET_NAME)";
				TEST_HOST = "$(BUNDLE_LOADER)";
				WRAPPER_EXTENSION = xctest;
			};
			name = Release;
		};
/* End XCBuildConfiguration section */

/* Begin XCConfigurationList section */
		0C5C87041806988000C6B371 /* Build configuration list for PBXProject "NineCards" */ = {
			isa = XCConfigurationList;
			buildConfigurations = (
				0C5C873C1806988100C6B371 /* Debug */,
				0C5C873D1806988100C6B371 /* Release */,
			);
			defaultConfigurationIsVisible = 0;
			defaultConfigurationName = Release;
		};
		0C5C873E1806988100C6B371 /* Build configuration list for PBXNativeTarget "NineCards" */ = {
			isa = XCConfigurationList;
			buildConfigurations = (
				0C5C873F1806988100C6B371 /* Debug */,
				0C5C87401806988100C6B371 /* Release */,
			);
			defaultConfigurationIsVisible = 0;
			defaultConfigurationName = Release;
		};
		0C5C87411806988100C6B371 /* Build configuration list for PBXNativeTarget "NineCardsTests" */ = {
			isa = XCConfigurationList;
			buildConfigurations = (
				0C5C87421806988100C6B371 /* Debug */,
				0C5C87431806988100C6B371 /* Release */,
			);
			defaultConfigurationIsVisible = 0;
			defaultConfigurationName = Release;
		};
/* End XCConfigurationList section */
	};
	rootObject = 0C5C87011806988000C6B371 /* Project object */;
}
